
Microsoft Visual Studio Solution File, Format Version 12.00
# Visual Studio Version 16
VisualStudioVersion = 16.0.31410.357
MinimumVisualStudioVersion = 10.0.40219.1
Project("{FAE04EC0-301F-11D3-BF4B-00C04F79EFBC}") = "Definitivo.Android", "Definitivo\Definitivo.Android\Definitivo.Android.csproj", "{7C6B5C37-B52A-4EC5-BF39-43FCE4638D00}"
EndProject
Project("{FAE04EC0-301F-11D3-BF4B-00C04F79EFBC}") = "Definitivo.iOS", "Definitivo\Definitivo.iOS\Definitivo.iOS.csproj", "{E0803791-DF4B-495E-9CE6-086C003A8C64}"
EndProject
Project("{FAE04EC0-301F-11D3-BF4B-00C04F79EFBC}") = "Definitivo", "Definitivo\Definitivo\Definitivo.csproj", "{B052C804-55CE-4EC1-9E21-6FB387B46CF3}"
EndProject
Global
	GlobalSection(SolutionConfigurationPlatforms) = preSolution
		Debug|Any CPU = Debug|Any CPU
		Debug|iPhone = Debug|iPhone
		Debug|iPhoneSimulator = Debug|iPhoneSimulator
		Release|Any CPU = Release|Any CPU
		Release|iPhone = Release|iPhone
		Release|iPhoneSimulator = Release|iPhoneSimulator
	EndGlobalSection
	GlobalSection(ProjectConfigurationPlatforms) = postSolution
		{7C6B5C37-B52A-4EC5-BF39-43FCE4638D00}.Debug|Any CPU.ActiveCfg = Debug|Any CPU
		{7C6B5C37-B52A-4EC5-BF39-43FCE4638D00}.Debug|Any CPU.Build.0 = Debug|Any CPU
		{7C6B5C37-B52A-4EC5-BF39-43FCE4638D00}.Debug|Any CPU.Deploy.0 = Debug|Any CPU
		{7C6B5C37-B52A-4EC5-BF39-43FCE4638D00}.Debug|iPhone.ActiveCfg = Debug|Any CPU
		{7C6B5C37-B52A-4EC5-BF39-43FCE4638D00}.Debug|iPhone.Build.0 = Debug|Any CPU
		{7C6B5C37-B52A-4EC5-BF39-43FCE4638D00}.Debug|iPhone.Deploy.0 = Debug|Any CPU
		{7C6B5C37-B52A-4EC5-BF39-43FCE4638D00}.Debug|iPhoneSimulator.ActiveCfg = Debug|Any CPU
		{7C6B5C37-B52A-4EC5-BF39-43FCE4638D00}.Debug|iPhoneSimulator.Build.0 = Debug|Any CPU
		{7C6B5C37-B52A-4EC5-BF39-43FCE4638D00}.Debug|iPhoneSimulator.Deploy.0 = Debug|Any CPU
		{7C6B5C37-B52A-4EC5-BF39-43FCE4638D00}.Release|Any CPU.ActiveCfg = Release|Any CPU
		{7C6B5C37-B52A-4EC5-BF39-43FCE4638D00}.Release|Any CPU.Build.0 = Release|Any CPU
		{7C6B5C37-B52A-4EC5-BF39-43FCE4638D00}.Release|Any CPU.Deploy.0 = Release|Any CPU
		{7C6B5C37-B52A-4EC5-BF39-43FCE4638D00}.Release|iPhone.ActiveCfg = Release|Any CPU
		{7C6B5C37-B52A-4EC5-BF39-43FCE4638D00}.Release|iPhone.Build.0 = Release|Any CPU
		{7C6B5C37-B52A-4EC5-BF39-43FCE4638D00}.Release|iPhone.Deploy.0 = Release|Any CPU
		{7C6B5C37-B52A-4EC5-BF39-43FCE4638D00}.Release|iPhoneSimulator.ActiveCfg = Release|Any CPU
		{7C6B5C37-B52A-4EC5-BF39-43FCE4638D00}.Release|iPhoneSimulator.Build.0 = Release|Any CPU
		{7C6B5C37-B52A-4EC5-BF39-43FCE4638D00}.Release|iPhoneSimulator.Deploy.0 = Release|Any CPU
		{E0803791-DF4B-495E-9CE6-086C003A8C64}.Debug|Any CPU.ActiveCfg = Debug|iPhone
		{E0803791-DF4B-495E-9CE6-086C003A8C64}.Debug|Any CPU.Build.0 = Debug|iPhone
		{E0803791-DF4B-495E-9CE6-086C003A8C64}.Debug|Any CPU.Deploy.0 = Debug|iPhone
		{E0803791-DF4B-495E-9CE6-086C003A8C64}.Debug|iPhone.ActiveCfg = Debug|iPhone
		{E0803791-DF4B-495E-9CE6-086C003A8C64}.Debug|iPhone.Build.0 = Debug|iPhone
		{E0803791-DF4B-495E-9CE6-086C003A8C64}.Debug|iPhone.Deploy.0 = Debug|iPhone
		{E0803791-DF4B-495E-9CE6-086C003A8C64}.Debug|iPhoneSimulator.ActiveCfg = Debug|iPhoneSimulator
		{E0803791-DF4B-495E-9CE6-086C003A8C64}.Debug|iPhoneSimulator.Build.0 = Debug|iPhoneSimulator
		{E0803791-DF4B-495E-9CE6-086C003A8C64}.Debug|iPhoneSimulator.Deploy.0 = Debug|iPhoneSimulator
		{E0803791-DF4B-495E-9CE6-086C003A8C64}.Release|Any CPU.ActiveCfg = Release|iPhoneSimulator
		{E0803791-DF4B-495E-9CE6-086C003A8C64}.Release|Any CPU.Build.0 = Release|iPhoneSimulator
		{E0803791-DF4B-495E-9CE6-086C003A8C64}.Release|Any CPU.Deploy.0 = Release|iPhoneSimulator
		{E0803791-DF4B-495E-9CE6-086C003A8C64}.Release|iPhone.ActiveCfg = Release|iPhone
		{E0803791-DF4B-495E-9CE6-086C003A8C64}.Release|iPhone.Build.0 = Release|iPhone
		{E0803791-DF4B-495E-9CE6-086C003A8C64}.Release|iPhone.Deploy.0 = Release|iPhone
		{E0803791-DF4B-495E-9CE6-086C003A8C64}.Release|iPhoneSimulator.ActiveCfg = Release|iPhoneSimulator
		{E0803791-DF4B-495E-9CE6-086C003A8C64}.Release|iPhoneSimulator.Build.0 = Release|iPhoneSimulator
		{E0803791-DF4B-495E-9CE6-086C003A8C64}.Release|iPhoneSimulator.Deploy.0 = Release|iPhoneSimulator
		{B052C804-55CE-4EC1-9E21-6FB387B46CF3}.Debug|Any CPU.ActiveCfg = Debug|Any CPU
		{B052C804-55CE-4EC1-9E21-6FB387B46CF3}.Debug|Any CPU.Build.0 = Debug|Any CPU
		{B052C804-55CE-4EC1-9E21-6FB387B46CF3}.Debug|Any CPU.Deploy.0 = Debug|Any CPU
		{B052C804-55CE-4EC1-9E21-6FB387B46CF3}.Debug|iPhone.ActiveCfg = Debug|Any CPU
		{B052C804-55CE-4EC1-9E21-6FB387B46CF3}.Debug|iPhone.Build.0 = Debug|Any CPU
		{B052C804-55CE-4EC1-9E21-6FB387B46CF3}.Debug|iPhone.Deploy.0 = Debug|Any CPU
		{B052C804-55CE-4EC1-9E21-6FB387B46CF3}.Debug|iPhoneSimulator.ActiveCfg = Debug|Any CPU
		{B052C804-55CE-4EC1-9E21-6FB387B46CF3}.Debug|iPhoneSimulator.Build.0 = Debug|Any CPU
		{B052C804-55CE-4EC1-9E21-6FB387B46CF3}.Debug|iPhoneSimulator.Deploy.0 = Debug|Any CPU
		{B052C804-55CE-4EC1-9E21-6FB387B46CF3}.Release|Any CPU.ActiveCfg = Release|Any CPU
		{B052C804-55CE-4EC1-9E21-6FB387B46CF3}.Release|Any CPU.Build.0 = Release|Any CPU
		{B052C804-55CE-4EC1-9E21-6FB387B46CF3}.Release|Any CPU.Deploy.0 = Release|Any CPU
		{B052C804-55CE-4EC1-9E21-6FB387B46CF3}.Release|iPhone.ActiveCfg = Release|Any CPU
		{B052C804-55CE-4EC1-9E21-6FB387B46CF3}.Release|iPhone.Build.0 = Release|Any CPU
		{B052C804-55CE-4EC1-9E21-6FB387B46CF3}.Release|iPhone.Deploy.0 = Release|Any CPU
		{B052C804-55CE-4EC1-9E21-6FB387B46CF3}.Release|iPhoneSimulator.ActiveCfg = Release|Any CPU
		{B052C804-55CE-4EC1-9E21-6FB387B46CF3}.Release|iPhoneSimulator.Build.0 = Release|Any CPU
		{B052C804-55CE-4EC1-9E21-6FB387B46CF3}.Release|iPhoneSimulator.Deploy.0 = Release|Any CPU
	EndGlobalSection
	GlobalSection(SolutionProperties) = preSolution
		HideSolutionNode = FALSE
	EndGlobalSection
	GlobalSection(ExtensibilityGlobals) = postSolution
		SolutionGuid = {C37887AB-5CA7-48BE-95B5-34751D47FD6C}
	EndGlobalSection
EndGlobal
